
Microsoft Visual Studio Solution File, Format Version 12.00
# Visual Studio 14
VisualStudioVersion = 14.0.23107.0
MinimumVisualStudioVersion = 10.0.40219.1
Project("{E24C65DC-7377-472B-9ABA-BC803B73C61A}") = "Web", "Web", "{761ADE4E-6C3E-4E35-B452-C4EFA33024C0}"
	ProjectSection(WebsiteProperties) = preProject
		TargetFrameworkMoniker = ".NETFramework,Version%3Dv4.5.2"
		ProjectReferences = "{4e708766-20d7-4051-af16-047781af6e27}|BLL.dll;{BDF62D5A-F170-4FA8-9213-7AB977E29EB4}|dal.dll;{EDC25DC4-3FBE-4BB1-977F-6F2478FE57A0}|DBUtility.dll;{E84269CF-FC15-46FF-B180-40C0097CE6D1}|Model.dll;{a92996a9-8bd4-4940-a00d-4739507bc75d}|Common.dll;"
		Debug.AspNetCompiler.VirtualPath = "/localhost_4272"
		Debug.AspNetCompiler.PhysicalPath = "Web\"
		Debug.AspNetCompiler.TargetPath = "PrecompiledWeb\localhost_4272\"
		Debug.AspNetCompiler.Updateable = "true"
		Debug.AspNetCompiler.ForceOverwrite = "true"
		Debug.AspNetCompiler.FixedNames = "false"
		Debug.AspNetCompiler.Debug = "True"
		Release.AspNetCompiler.VirtualPath = "/localhost_4272"
		Release.AspNetCompiler.PhysicalPath = "Web\"
		Release.AspNetCompiler.TargetPath = "PrecompiledWeb\localhost_4272\"
		Release.AspNetCompiler.Updateable = "true"
		Release.AspNetCompiler.ForceOverwrite = "true"
		Release.AspNetCompiler.FixedNames = "false"
		Release.AspNetCompiler.Debug = "False"
		VWDPort = "4272"
		SlnRelativePath = "Web\"
	EndProjectSection
EndProject
Project("{FAE04EC0-301F-11D3-BF4B-00C04F79EFBC}") = "Model", "Model\Model.csproj", "{E84269CF-FC15-46FF-B180-40C0097CE6D1}"
EndProject
Project("{FAE04EC0-301F-11D3-BF4B-00C04F79EFBC}") = "BLL", "BLL\BLL.csproj", "{4E708766-20D7-4051-AF16-047781AF6E27}"
EndProject
Project("{FAE04EC0-301F-11D3-BF4B-00C04F79EFBC}") = "DAL", "dal\DAL.csproj", "{BDF62D5A-F170-4FA8-9213-7AB977E29EB4}"
	ProjectSection(ProjectDependencies) = postProject
		{EDC25DC4-3FBE-4BB1-977F-6F2478FE57A0} = {EDC25DC4-3FBE-4BB1-977F-6F2478FE57A0}
		{E84269CF-FC15-46FF-B180-40C0097CE6D1} = {E84269CF-FC15-46FF-B180-40C0097CE6D1}
	EndProjectSection
EndProject
Project("{FAE04EC0-301F-11D3-BF4B-00C04F79EFBC}") = "DBUtility", "DBUtility\DBUtility.csproj", "{EDC25DC4-3FBE-4BB1-977F-6F2478FE57A0}"
EndProject
Project("{FAE04EC0-301F-11D3-BF4B-00C04F79EFBC}") = "Common", "Common\Common.csproj", "{A92996A9-8BD4-4940-A00D-4739507BC75D}"
EndProject
Global
	GlobalSection(SolutionConfigurationPlatforms) = preSolution
		Debug|Any CPU = Debug|Any CPU
		Release|Any CPU = Release|Any CPU
	EndGlobalSection
	GlobalSection(ProjectConfigurationPlatforms) = postSolution
		{761ADE4E-6C3E-4E35-B452-C4EFA33024C0}.Debug|Any CPU.ActiveCfg = Debug|Any CPU
		{761ADE4E-6C3E-4E35-B452-C4EFA33024C0}.Debug|Any CPU.Build.0 = Debug|Any CPU
		{761ADE4E-6C3E-4E35-B452-C4EFA33024C0}.Release|Any CPU.ActiveCfg = Debug|Any CPU
		{761ADE4E-6C3E-4E35-B452-C4EFA33024C0}.Release|Any CPU.Build.0 = Debug|Any CPU
		{E84269CF-FC15-46FF-B180-40C0097CE6D1}.Debug|Any CPU.ActiveCfg = Debug|Any CPU
		{E84269CF-FC15-46FF-B180-40C0097CE6D1}.Debug|Any CPU.Build.0 = Debug|Any CPU
		{E84269CF-FC15-46FF-B180-40C0097CE6D1}.Release|Any CPU.ActiveCfg = Release|Any CPU
		{E84269CF-FC15-46FF-B180-40C0097CE6D1}.Release|Any CPU.Build.0 = Release|Any CPU
		{4E708766-20D7-4051-AF16-047781AF6E27}.Debug|Any CPU.ActiveCfg = Debug|Any CPU
		{4E708766-20D7-4051-AF16-047781AF6E27}.Debug|Any CPU.Build.0 = Debug|Any CPU
		{4E708766-20D7-4051-AF16-047781AF6E27}.Release|Any CPU.ActiveCfg = Release|Any CPU
		{4E708766-20D7-4051-AF16-047781AF6E27}.Release|Any CPU.Build.0 = Release|Any CPU
		{BDF62D5A-F170-4FA8-9213-7AB977E29EB4}.Debug|Any CPU.ActiveCfg = Debug|Any CPU
		{BDF62D5A-F170-4FA8-9213-7AB977E29EB4}.Debug|Any CPU.Build.0 = Debug|Any CPU
		{BDF62D5A-F170-4FA8-9213-7AB977E29EB4}.Release|Any CPU.ActiveCfg = Release|Any CPU
		{BDF62D5A-F170-4FA8-9213-7AB977E29EB4}.Release|Any CPU.Build.0 = Release|Any CPU
		{EDC25DC4-3FBE-4BB1-977F-6F2478FE57A0}.Debug|Any CPU.ActiveCfg = Debug|Any CPU
		{EDC25DC4-3FBE-4BB1-977F-6F2478FE57A0}.Debug|Any CPU.Build.0 = Debug|Any CPU
		{EDC25DC4-3FBE-4BB1-977F-6F2478FE57A0}.Release|Any CPU.ActiveCfg = Release|Any CPU
		{EDC25DC4-3FBE-4BB1-977F-6F2478FE57A0}.Release|Any CPU.Build.0 = Release|Any CPU
		{A92996A9-8BD4-4940-A00D-4739507BC75D}.Debug|Any CPU.ActiveCfg = Debug|Any CPU
		{A92996A9-8BD4-4940-A00D-4739507BC75D}.Debug|Any CPU.Build.0 = Debug|Any CPU
		{A92996A9-8BD4-4940-A00D-4739507BC75D}.Release|Any CPU.ActiveCfg = Release|Any CPU
		{A92996A9-8BD4-4940-A00D-4739507BC75D}.Release|Any CPU.Build.0 = Release|Any CPU
	EndGlobalSection
	GlobalSection(SolutionProperties) = preSolution
		HideSolutionNode = FALSE
	EndGlobalSection
EndGlobal
